<?xml version="1.0" encoding="utf-8"?>
<Project ToolsVersion="4.0" xmlns="http://schemas.microsoft.com/developer/msbuild/2003">
  <ItemGroup>
    <Filter Include="Source Files">
      <UniqueIdentifier>{4FC737F1-C7A5-4376-A066-2A32D752A2FF}</UniqueIdentifier>
      <Extensions>cpp;c;cc;cxx;def;odl;idl;hpj;bat;asm;asmx</Extensions>
    </Filter>
    <Filter Include="Header Files">
      <UniqueIdentifier>{93995380-89BD-4b04-88EB-625FBE52EBFB}</UniqueIdentifier>
      <Extensions>h;hh;hpp;hxx;hm;inl;inc;xsd</Extensions>
    </Filter>
    <Filter Include="Resource Files">
      <UniqueIdentifier>{67DA6AB6-F800-4c08-8B7A-83BB121AAD01}</UniqueIdentifier>
      <Extensions>rc;ico;cur;bmp;dlg;rc2;rct;bin;rgs;gif;jpg;jpeg;jpe;resx;tiff;tif;png;wav;mfcribbon-ms</Extensions>
    </Filter>
    <Filter Include="Header Files\Engine">
      <UniqueIdentifier>{5a88964a-f36f-4489-bdfb-01c5bbf1fa8b}</UniqueIdentifier>
    </Filter>
    <Filter Include="Source Files\Engine">
      <UniqueIdentifier>{09a28ef4-5ffd-41dc-b606-0c73c829cd24}</UniqueIdentifier>
    </Filter>
    <Filter Include="Header Files\Engine\App">
      <UniqueIdentifier>{4cbd29d9-edf3-474e-afde-73165216944d}</UniqueIdentifier>
    </Filter>
    <Filter Include="Source Files\Engine\App">
      <UniqueIdentifier>{d6ad83aa-12e9-433d-a9e0-04f3c65fe004}</UniqueIdentifier>
    </Filter>
    <Filter Include="Header Files\Engine\State">
      <UniqueIdentifier>{ac6b1f3e-2193-4a05-8012-b73198c64a79}</UniqueIdentifier>
    </Filter>
    <Filter Include="Source Files\Engine\State">
      <UniqueIdentifier>{5acb7bdd-2ea5-4d87-8c4b-b8a72d3abc2c}</UniqueIdentifier>
    </Filter>
    <Filter Include="Header Files\Engine\Scene">
      <UniqueIdentifier>{42f3e683-dba6-491e-9257-3d1ff713cbce}</UniqueIdentifier>
    </Filter>
    <Filter Include="Source Files\Engine\Scene">
      <UniqueIdentifier>{9e66192f-5355-4b0d-a16d-ecb375d5f141}</UniqueIdentifier>
    </Filter>
    <Filter Include="Header Files\Game">
      <UniqueIdentifier>{fcf96062-936d-4c84-ba05-3099a2d74ce7}</UniqueIdentifier>
    </Filter>
    <Filter Include="Source Files\Game">
      <UniqueIdentifier>{967d24e1-10d3-467c-921b-597b518f7e8b}</UniqueIdentifier>
    </Filter>
    <Filter Include="Resource Files\Shaders">
      <UniqueIdentifier>{10716d12-09e4-4441-8ed9-c9c1b1701d76}</UniqueIdentifier>
    </Filter>
    <Filter Include="Source Files\Game\Game">
      <UniqueIdentifier>{435b460a-64fb-43f4-96c0-8c4d9cc11fa1}</UniqueIdentifier>
    </Filter>
    <Filter Include="Source Files\Game\Scene">
      <UniqueIdentifier>{7c231dac-8dd4-48bc-b2a3-e5311e026412}</UniqueIdentifier>
    </Filter>
    <Filter Include="Header Files\Game\Game">
      <UniqueIdentifier>{99507933-d675-47cd-9fe3-0faa14b7e955}</UniqueIdentifier>
    </Filter>
    <Filter Include="Header Files\Game\Scene">
      <UniqueIdentifier>{b51b5cbf-f747-46bb-8af6-73b363cb8053}</UniqueIdentifier>
    </Filter>
    <Filter Include="Header Files\Engine\Component">
      <UniqueIdentifier>{c7ae8235-a207-461d-9258-85f10050aee9}</UniqueIdentifier>
    </Filter>
    <Filter Include="Source Files\Engine\Component">
      <UniqueIdentifier>{41bce13e-1776-47d2-ad47-de2773990108}</UniqueIdentifier>
    </Filter>
    <Filter Include="Header Files\Engine\Mesh">
      <UniqueIdentifier>{09f0181e-df97-4970-b229-d5ccd7651f66}</UniqueIdentifier>
    </Filter>
    <Filter Include="Source Files\Engine\Mesh">
      <UniqueIdentifier>{94612be4-3907-4b33-a764-fd9ad67dea30}</UniqueIdentifier>
    </Filter>
    <Filter Include="Header Files\Engine\Creators">
      <UniqueIdentifier>{bf95e8ff-f49e-4dbd-badf-8d6dd82f18a3}</UniqueIdentifier>
    </Filter>
    <Filter Include="Source Files\Engine\Creators">
      <UniqueIdentifier>{bfb59c61-7954-4c21-bfef-8553baa50247}</UniqueIdentifier>
    </Filter>
    <Filter Include="Header Files\Engine\Game_Objects">
      <UniqueIdentifier>{08da3339-4797-4b59-90c3-9039cb42cf9e}</UniqueIdentifier>
    </Filter>
    <Filter Include="Source Files\Engine\Game_Objects">
      <UniqueIdentifier>{62154385-fd99-4cce-b6c7-d6945af8018d}</UniqueIdentifier>
    </Filter>
    <Filter Include="Header Files\Engine\Loaders">
      <UniqueIdentifier>{18519fa4-2b44-4312-83e6-37556abf056f}</UniqueIdentifier>
    </Filter>
    <Filter Include="Source Files\Engine\Loaders">
      <UniqueIdentifier>{13f7429b-d130-46af-a6cd-e48854a973e6}</UniqueIdentifier>
    </Filter>
    <Filter Include="Header Files\Engine\Lighting">
      <UniqueIdentifier>{95b89876-93c2-4036-be49-746038bce024}</UniqueIdentifier>
    </Filter>
    <Filter Include="Source Files\Engine\Lighting">
      <UniqueIdentifier>{0be042f8-4c28-420a-b734-6117d9a0097e}</UniqueIdentifier>
    </Filter>
    <Filter Include="Header Files\Engine\FSM">
      <UniqueIdentifier>{3d6546c1-5967-4d8f-af52-245afc95dade}</UniqueIdentifier>
    </Filter>
    <Filter Include="Header Files\Engine\Astar">
      <UniqueIdentifier>{1a92eb91-24ce-45fb-bba5-2aec9088afea}</UniqueIdentifier>
    </Filter>
    <Filter Include="Source Files\Engine\Astar">
      <UniqueIdentifier>{226c9dae-2d62-4294-8a9b-c1248aca9124}</UniqueIdentifier>
    </Filter>
    <Filter Include="Header Files\Engine\Physics">
      <UniqueIdentifier>{e2a542ce-c8bc-4bee-8619-148059e5f56a}</UniqueIdentifier>
    </Filter>
    <Filter Include="Source Files\Engine\Physics">
      <UniqueIdentifier>{e4540f86-b997-4863-ba5b-dc4bfcf29d5c}</UniqueIdentifier>
    </Filter>
    <Filter Include="Source Files\Game\AIController">
      <UniqueIdentifier>{573bd607-da42-4736-9515-ae6134bb90ce}</UniqueIdentifier>
    </Filter>
    <Filter Include="Header Files\Game\AIController">
      <UniqueIdentifier>{177f85b0-f388-48d3-9749-8197e290c70c}</UniqueIdentifier>
    </Filter>
    <Filter Include="Header Files\Engine\Audio">
      <UniqueIdentifier>{676eab07-10d0-460b-a645-ed8122fff19b}</UniqueIdentifier>
    </Filter>
    <Filter Include="Source Files\Engine\Audio">
      <UniqueIdentifier>{0b42c561-9ff0-4f45-8b06-f4b2903468b5}</UniqueIdentifier>
    </Filter>
    <Filter Include="Resource Files\Audio">
      <UniqueIdentifier>{566af830-fedd-4af8-b9bb-bc81944d0c74}</UniqueIdentifier>
    </Filter>
    <Filter Include="Header Files\Editor">
      <UniqueIdentifier>{0b004d31-f76d-4bfa-bc0b-8ff9678a3661}</UniqueIdentifier>
    </Filter>
    <Filter Include="Source Files\Editor">
      <UniqueIdentifier>{66fa92d0-d50e-4c86-94ee-71cb2b62bdfa}</UniqueIdentifier>
    </Filter>
    <Filter Include="Header Files\Editor\Editor">
      <UniqueIdentifier>{7d2c1176-7727-4f66-82f5-60e8b8ddc3f1}</UniqueIdentifier>
    </Filter>
    <Filter Include="Source Files\Editor\Editor">
      <UniqueIdentifier>{cc77dba2-4596-4d20-9e2b-a6df4c4be0b1}</UniqueIdentifier>
    </Filter>
    <Filter Include="Header Files\Editor\Scene">
      <UniqueIdentifier>{2e6ca997-510c-433a-9536-a1226b6637ca}</UniqueIdentifier>
    </Filter>
    <Filter Include="Source Files\Editor\Scene">
      <UniqueIdentifier>{9e665fa2-a16c-4dcf-b3bf-3136d0581908}</UniqueIdentifier>
    </Filter>
    <Filter Include="Header Files\Engine\GUI">
      <UniqueIdentifier>{1911572a-d98e-46aa-af63-967eb053871b}</UniqueIdentifier>
    </Filter>
    <Filter Include="Source Files\Engine\GUI">
      <UniqueIdentifier>{24c8728f-d31a-478b-94b5-2f9474c75ff0}</UniqueIdentifier>
    </Filter>
    <Filter Include="Header Files\Editor\Objects">
      <UniqueIdentifier>{83214889-cd14-47e7-92af-4d444c588ac0}</UniqueIdentifier>
    </Filter>
    <Filter Include="Source Files\Editor\Objects">
      <UniqueIdentifier>{e2598f21-e27a-4e8b-8fdf-d7c9f1af1cb6}</UniqueIdentifier>
    </Filter>
    <Filter Include="Header Files\Engine\Stats">
      <UniqueIdentifier>{8fc4a7c9-6de9-4dd8-8e13-7eb7c46d284b}</UniqueIdentifier>
    </Filter>
    <Filter Include="Source Files\Engine\Stats">
      <UniqueIdentifier>{a64fe3a8-a92b-4a5d-8dee-ffb5d7e71155}</UniqueIdentifier>
    </Filter>
  </ItemGroup>
  <ItemGroup>
    <ClCompile Include="src\Engine\State\State.cpp">
      <Filter>Source Files\Engine\State</Filter>
    </ClCompile>
    <ClCompile Include="src\Engine\Scene\Scene.cpp">
      <Filter>Source Files\Engine\Scene</Filter>
    </ClCompile>
    <ClCompile Include="src\Engine\App\Application.cpp">
      <Filter>Source Files\Engine\App</Filter>
    </ClCompile>
    <ClCompile Include="src\Engine\App\main.cpp">
      <Filter>Source Files\Engine\App</Filter>
    </ClCompile>
    <ClCompile Include="src\Engine\App\Program_Template.cpp">
      <Filter>Source Files\Engine\App</Filter>
    </ClCompile>
    <ClCompile Include="src\Game\Game\Game.cpp">
      <Filter>Source Files\Game\Game</Filter>
    </ClCompile>
    <ClCompile Include="src\Game\Scene\Game_Scene.cpp">
      <Filter>Source Files\Game\Scene</Filter>
    </ClCompile>
    <ClCompile Include="src\Engine\Component\Component.cpp">
      <Filter>Source Files\Engine\Component</Filter>
    </ClCompile>
    <ClCompile Include="src\Engine\Mesh\Mesh.cpp">
      <Filter>Source Files\Engine\Mesh</Filter>
    </ClCompile>
    <ClCompile Include="src\Engine\Mesh\Mesh_3D.cpp">
      <Filter>Source Files\Engine\Mesh</Filter>
    </ClCompile>
    <ClCompile Include="src\Engine\Component\Transform.cpp">
      <Filter>Source Files\Engine\Component</Filter>
    </ClCompile>
    <ClCompile Include="src\Engine\Component\Transform_2D.cpp">
      <Filter>Source Files\Engine\Component</Filter>
    </ClCompile>
    <ClCompile Include="src\Engine\Component\Transform_3D.cpp">
      <Filter>Source Files\Engine\Component</Filter>
    </ClCompile>
    <ClCompile Include="src\Engine\Creators\Shader.cpp">
      <Filter>Source Files\Engine\Creators</Filter>
    </ClCompile>
    <ClCompile Include="src\Engine\Creators\Texture.cpp">
      <Filter>Source Files\Engine\Creators</Filter>
    </ClCompile>
    <ClCompile Include="src\Engine\Game_Objects\Camera_3D.cpp">
      <Filter>Source Files\Engine\Game_Objects</Filter>
    </ClCompile>
    <ClCompile Include="src\Engine\Game_Objects\Camera_2D.cpp">
      <Filter>Source Files\Engine\Game_Objects</Filter>
    </ClCompile>
    <ClCompile Include="src\Engine\Component\RenderComp_2D.cpp">
      <Filter>Source Files\Engine\Component</Filter>
    </ClCompile>
    <ClCompile Include="src\Engine\Component\RenderComp_3D.cpp">
      <Filter>Source Files\Engine\Component</Filter>
    </ClCompile>
    <ClCompile Include="src\Engine\Game_Objects\GameObject_3D.cpp">
      <Filter>Source Files\Engine\Game_Objects</Filter>
    </ClCompile>
    <ClCompile Include="src\Engine\Loaders\Loader.cpp">
      <Filter>Source Files\Engine\Loaders</Filter>
    </ClCompile>
    <ClCompile Include="src\Engine\Loaders\SceneLoader.cpp">
      <Filter>Source Files\Engine\Loaders</Filter>
    </ClCompile>
    <ClCompile Include="src\Engine\Game_Objects\Game_Object.cpp">
      <Filter>Source Files\Engine\Game_Objects</Filter>
    </ClCompile>
    <ClCompile Include="src\Engine\Component\RenderComp.cpp">
      <Filter>Source Files\Engine\Component</Filter>
    </ClCompile>
    <ClCompile Include="src\Engine\Lighting\Light.cpp">
      <Filter>Source Files\Engine\Lighting</Filter>
    </ClCompile>
    <ClCompile Include="src\Engine\Lighting\Point_Light.cpp">
      <Filter>Source Files\Engine\Lighting</Filter>
    </ClCompile>
    <ClCompile Include="src\Engine\Astar\AStarPathfinder.cpp">
      <Filter>Source Files\Engine\Astar</Filter>
    </ClCompile>
    <ClCompile Include="src\Engine\Astar\Node.cpp">
      <Filter>Source Files\Engine\Astar</Filter>
    </ClCompile>
    <ClCompile Include="src\Engine\Astar\Node_Graph.cpp">
      <Filter>Source Files\Engine\Astar</Filter>
    </ClCompile>
    <ClCompile Include="src\Engine\Component\BoxCollider_3D.cpp">
      <Filter>Source Files\Engine\Component</Filter>
    </ClCompile>
    <ClCompile Include="src\Engine\Component\Collider.cpp">
      <Filter>Source Files\Engine\Component</Filter>
    </ClCompile>
    <ClCompile Include="src\Engine\Component\RigidBody.cpp">
      <Filter>Source Files\Engine\Component</Filter>
    </ClCompile>
    <ClCompile Include="src\Engine\Physics\CollisionManager.cpp">
      <Filter>Source Files\Engine\Physics</Filter>
    </ClCompile>
    <ClCompile Include="src\Engine\Physics\Physics.cpp">
      <Filter>Source Files\Engine\Physics</Filter>
    </ClCompile>
    <ClCompile Include="src\Engine\Component\Respond_Movement.cpp">
      <Filter>Source Files\Engine\Component</Filter>
    </ClCompile>
    <ClCompile Include="src\Game\Misc\Bullet.cpp">
      <Filter>Source Files\Game</Filter>
    </ClCompile>
    <ClCompile Include="src\Engine\Component\Character.cpp">
      <Filter>Source Files\Engine\Component</Filter>
    </ClCompile>
    <ClCompile Include="src\Game\AIController\State_Idle.cpp">
      <Filter>Source Files\Game\AIController</Filter>
    </ClCompile>
    <ClCompile Include="src\Game\AIController\State_Patrol.cpp">
      <Filter>Source Files\Game\AIController</Filter>
    </ClCompile>
    <ClCompile Include="src\Game\AIController\State_Attack.cpp">
      <Filter>Source Files\Game\AIController</Filter>
    </ClCompile>
    <ClCompile Include="src\Game\AIController\AIController.cpp">
      <Filter>Source Files\Game\AIController</Filter>
    </ClCompile>
    <ClCompile Include="src\Engine\Component\RenderComp_Instanced.cpp">
      <Filter>Source Files\Engine\Component</Filter>
    </ClCompile>
    <ClCompile Include="src\Engine\Mesh\Mesh.cpp">
      <Filter>Source Files\Engine\Mesh</Filter>
    </ClCompile>
    <ClCompile Include="src\Engine\Mesh\Mesh_Instanced.cpp">
      <Filter>Source Files\Engine\Mesh</Filter>
    </ClCompile>
    <ClCompile Include="src\Engine\Game_Objects\GameObject_Instanced.cpp">
      <Filter>Source Files\Engine\Game_Objects</Filter>
    </ClCompile>
    <ClCompile Include="src\Engine\Component\Transform_Instanced.cpp">
      <Filter>Source Files\Engine\Component</Filter>
    </ClCompile>
    <ClCompile Include="src\Engine\Audio\AudioEngine.cpp">
      <Filter>Source Files\Engine\Audio</Filter>
    </ClCompile>
    <ClCompile Include="src\Engine\Audio\Sound.cpp">
      <Filter>Source Files\Engine\Audio</Filter>
    </ClCompile>
    <ClCompile Include="src\Editor\Editor\Editor.cpp">
      <Filter>Source Files\Editor\Editor</Filter>
    </ClCompile>
    <ClCompile Include="src\Editor\Scene\Scene_3D.cpp">
      <Filter>Source Files\Editor\Scene</Filter>
    </ClCompile>
    <ClCompile Include="src\Engine\Loaders\SceneSaver.cpp">
      <Filter>Source Files\Engine\Loaders</Filter>
    </ClCompile>
    <ClCompile Include="src\Engine\Mesh\Mesh_2D.cpp">
      <Filter>Source Files\Engine\Mesh</Filter>
    </ClCompile>
    <ClCompile Include="src\Engine\Game_Objects\GameObject_2D.cpp">
      <Filter>Source Files\Engine\Game_Objects</Filter>
    </ClCompile>
    <ClCompile Include="src\Editor\Scene\Scene_2D.cpp">
      <Filter>Source Files\Editor\Scene</Filter>
    </ClCompile>
    <ClCompile Include="src\Engine\GUI\Glyph.cpp">
      <Filter>Source Files\Engine\GUI</Filter>
    </ClCompile>
    <ClCompile Include="src\Engine\GUI\Font.cpp">
      <Filter>Source Files\Engine\GUI</Filter>
    </ClCompile>
    <ClCompile Include="src\Engine\GUI\Letter.cpp">
      <Filter>Source Files\Engine\GUI</Filter>
    </ClCompile>
    <ClCompile Include="src\Editor\Objects\Arrow_3D.cpp">
      <Filter>Source Files\Editor\Objects</Filter>
    </ClCompile>
    <ClCompile Include="src\Engine\GUI\Text.cpp">
      <Filter>Source Files\Engine\GUI</Filter>
    </ClCompile>
    <ClCompile Include="src\Engine\GUI\Button.cpp">
      <Filter>Source Files\Engine\GUI</Filter>
    </ClCompile>
    <ClCompile Include="src\Engine\GUI\Tile.cpp">
      <Filter>Source Files\Engine\GUI</Filter>
    </ClCompile>
    <ClCompile Include="src\Engine\GUI\Textbox.cpp">
      <Filter>Source Files\Engine\GUI</Filter>
    </ClCompile>
    <ClCompile Include="src\Engine\Loaders\PrefabLoader.cpp">
      <Filter>Source Files\Engine\Loaders</Filter>
    </ClCompile>
    <ClCompile Include="src\Engine\Stats\Stats.cpp">
      <Filter>Source Files\Engine\Stats</Filter>
    </ClCompile>
    <ClCompile Include="src\Engine\Loaders\StatsLoader.cpp">
      <Filter>Source Files\Engine\Loaders</Filter>
    </ClCompile>
    <ClCompile Include="src\Engine\Loaders\GUILoader.cpp">
      <Filter>Source Files\Engine\Loaders</Filter>
    </ClCompile>
    <ClCompile Include="src\Engine\Component\RenderQuad.cpp">
      <Filter>Source Files\Engine\Component</Filter>
    </ClCompile>
  </ItemGroup>
  <ItemGroup>
    <ClInclude Include="include\Engine\App\Application.h">
      <Filter>Header Files\Engine\App</Filter>
    </ClInclude>
    <ClInclude Include="include\Engine\App\Program_Template.h">
      <Filter>Header Files\Engine\App</Filter>
    </ClInclude>
    <ClInclude Include="include\Engine\Scene\Scene.h">
      <Filter>Header Files\Engine\Scene</Filter>
    </ClInclude>
    <ClInclude Include="include\Game\Game\Game.h">
      <Filter>Header Files\Game\Game</Filter>
    </ClInclude>
    <ClInclude Include="include\Game\Scene\Game_Scene.h">
      <Filter>Header Files\Game\Scene</Filter>
    </ClInclude>
    <ClInclude Include="include\Engine\Component\Component.h">
      <Filter>Header Files\Engine\Component</Filter>
    </ClInclude>
    <ClInclude Include="include\Engine\Mesh\Mesh.h">
      <Filter>Header Files\Engine\Mesh</Filter>
    </ClInclude>
    <ClInclude Include="include\Engine\Mesh\Mesh_3D.h">
      <Filter>Header Files\Engine\Mesh</Filter>
    </ClInclude>
    <ClInclude Include="include\Engine\Component\Transform.h">
      <Filter>Header Files\Engine\Component</Filter>
    </ClInclude>
    <ClInclude Include="include\Engine\Component\Transform_2D.h">
      <Filter>Header Files\Engine\Component</Filter>
    </ClInclude>
    <ClInclude Include="include\Engine\Component\Transform_3D.h">
      <Filter>Header Files\Engine\Component</Filter>
    </ClInclude>
    <ClInclude Include="include\Engine\Component\RenderComp_2D.h">
      <Filter>Header Files\Engine\Component</Filter>
    </ClInclude>
    <ClInclude Include="include\Engine\Component\RenderComp_3D.h">
      <Filter>Header Files\Engine\Component</Filter>
    </ClInclude>
    <ClInclude Include="include\Engine\Component\RenderComp.h">
      <Filter>Header Files\Engine\Component</Filter>
    </ClInclude>
    <ClInclude Include="include\Engine\Creators\Shader.h">
      <Filter>Header Files\Engine\Creators</Filter>
    </ClInclude>
    <ClInclude Include="include\Engine\Creators\Texture.h">
      <Filter>Header Files\Engine\Creators</Filter>
    </ClInclude>
    <ClInclude Include="include\Engine\Game_Objects\Camera.h">
      <Filter>Header Files\Engine\Game_Objects</Filter>
    </ClInclude>
    <ClInclude Include="include\Engine\Game_Objects\Camera_3D.h">
      <Filter>Header Files\Engine\Game_Objects</Filter>
    </ClInclude>
    <ClInclude Include="include\Engine\Game_Objects\Camera_2D.h">
      <Filter>Header Files\Engine\Game_Objects</Filter>
    </ClInclude>
    <ClInclude Include="include\Engine\Game_Objects\Game_Object.h">
      <Filter>Header Files\Engine\Game_Objects</Filter>
    </ClInclude>
    <ClInclude Include="include\Engine\Game_Objects\GameObject_3D.h">
      <Filter>Header Files\Engine\Game_Objects</Filter>
    </ClInclude>
    <ClInclude Include="include\Engine\Loaders\Loader.h">
      <Filter>Header Files\Engine\Loaders</Filter>
    </ClInclude>
    <ClInclude Include="include\Engine\Loaders\SceneLoader.h">
      <Filter>Header Files\Engine\Loaders</Filter>
    </ClInclude>
    <ClInclude Include="include\Engine\State\State.h">
      <Filter>Header Files\Engine\State</Filter>
    </ClInclude>
    <ClInclude Include="include\Engine\Lighting\Light.h">
      <Filter>Header Files\Engine\Lighting</Filter>
    </ClInclude>
    <ClInclude Include="include\Engine\Lighting\Point_Light.h">
      <Filter>Header Files\Engine\Lighting</Filter>
    </ClInclude>
    <ClInclude Include="include\Engine\FSM\FSM.h">
      <Filter>Header Files\Engine\FSM</Filter>
    </ClInclude>
    <ClInclude Include="include\Engine\FSM\FSM_State.h">
      <Filter>Header Files\Engine\FSM</Filter>
    </ClInclude>
    <ClInclude Include="include\Engine\Astar\AStarPathfinder.h">
      <Filter>Header Files\Engine\Astar</Filter>
    </ClInclude>
    <ClInclude Include="include\Engine\Astar\Node.h">
      <Filter>Header Files\Engine\Astar</Filter>
    </ClInclude>
    <ClInclude Include="include\Engine\Astar\Node_Graph.h">
      <Filter>Header Files\Engine\Astar</Filter>
    </ClInclude>
    <ClInclude Include="include\Engine\Component\BoxCollider_3D.h">
      <Filter>Header Files\Engine\Component</Filter>
    </ClInclude>
    <ClInclude Include="include\Engine\Component\Collider.h">
      <Filter>Header Files\Engine\Component</Filter>
    </ClInclude>
    <ClInclude Include="include\Engine\Component\RigidBody.h">
      <Filter>Header Files\Engine\Component</Filter>
    </ClInclude>
    <ClInclude Include="include\Engine\Physics\CollisionManager.h">
      <Filter>Header Files\Engine\Physics</Filter>
    </ClInclude>
    <ClInclude Include="include\Engine\Physics\Physics.h">
      <Filter>Header Files\Engine\Physics</Filter>
    </ClInclude>
    <ClInclude Include="include\Engine\Component\Respond_Movement.h">
      <Filter>Header Files\Engine\Component</Filter>
    </ClInclude>
    <ClInclude Include="include\Engine\Component\Character.h">
      <Filter>Header Files\Engine\Component</Filter>
    </ClInclude>
    <ClInclude Include="include\Game\AIController\State_Patrol.h">
      <Filter>Header Files\Game\AIController</Filter>
    </ClInclude>
    <ClInclude Include="include\Game\AIController\State_Idle.h">
      <Filter>Header Files\Game\AIController</Filter>
    </ClInclude>
    <ClInclude Include="include\Game\AIController\State_Attack.h">
      <Filter>Header Files\Game\AIController</Filter>
    </ClInclude>
    <ClInclude Include="include\Game\AIController\AIController_Data.h">
      <Filter>Header Files\Game\AIController</Filter>
    </ClInclude>
    <ClInclude Include="include\Game\AIController\AIController.h">
      <Filter>Header Files\Game\AIController</Filter>
    </ClInclude>
    <ClInclude Include="include\Game\Misc\Bullet.h">
      <Filter>Header Files\Game</Filter>
    </ClInclude>
    <ClInclude Include="include\Engine\Component\RenderComp_Instanced.h">
      <Filter>Header Files\Engine\Component</Filter>
    </ClInclude>
    <ClInclude Include="include\Engine\Mesh\Mesh_Instanced.h">
      <Filter>Header Files\Engine\Mesh</Filter>
    </ClInclude>
    <ClInclude Include="include\Engine\Game_Objects\GameObject_Instanced.h">
      <Filter>Header Files\Engine\Game_Objects</Filter>
    </ClInclude>
    <ClInclude Include="include\Engine\Component\Transform_Instanced.h">
      <Filter>Header Files\Engine\Component</Filter>
    </ClInclude>
    <ClInclude Include="include\Engine\Audio\AudioEngine.h">
      <Filter>Header Files\Engine\Audio</Filter>
    </ClInclude>
    <ClInclude Include="include\Engine\Audio\Sound.h">
      <Filter>Header Files\Engine\Audio</Filter>
    </ClInclude>
    <ClInclude Include="include\Editor\Editor\Editor.h">
      <Filter>Header Files\Editor\Editor</Filter>
    </ClInclude>
    <ClInclude Include="include\Engine\Loaders\SceneSaver.h">
      <Filter>Header Files\Engine\Loaders</Filter>
    </ClInclude>
    <ClInclude Include="include\Engine\Mesh\Mesh_2D.h">
      <Filter>Header Files\Engine\Mesh</Filter>
    </ClInclude>
    <ClInclude Include="include\Engine\Game_Objects\GameObject_2D.h">
      <Filter>Header Files\Engine\Game_Objects</Filter>
    </ClInclude>
    <ClInclude Include="include\Editor\Scene\Scene_2D.h">
      <Filter>Header Files\Editor\Scene</Filter>
    </ClInclude>
    <ClInclude Include="include\Engine\GUI\Font.h">
      <Filter>Header Files\Engine\GUI</Filter>
    </ClInclude>
    <ClInclude Include="include\Engine\GUI\Glyph.h">
      <Filter>Header Files\Engine\GUI</Filter>
    </ClInclude>
    <ClInclude Include="include\Engine\GUI\Text.h">
      <Filter>Header Files\Engine\GUI</Filter>
    </ClInclude>
    <ClInclude Include="include\Engine\GUI\Letter.h">
      <Filter>Header Files\Engine\GUI</Filter>
    </ClInclude>
    <ClInclude Include="include\Editor\Objects\Arrow_3D.h">
      <Filter>Header Files\Editor\Objects</Filter>
    </ClInclude>
    <ClInclude Include="include\Engine\GUI\Button.h">
      <Filter>Header Files\Engine\GUI</Filter>
    </ClInclude>
    <ClInclude Include="include\Engine\GUI\Tile.h">
      <Filter>Header Files\Engine\GUI</Filter>
    </ClInclude>
    <ClInclude Include="include\Engine\GUI\Textbox.h">
      <Filter>Header Files\Engine\GUI</Filter>
    </ClInclude>
    <ClInclude Include="include\Engine\Loaders\PrefabLoader.h">
      <Filter>Header Files\Engine\Loaders</Filter>
    </ClInclude>
    <ClInclude Include="include\Engine\Stats\Stats.h">
      <Filter>Header Files\Engine\Stats</Filter>
    </ClInclude>
    <ClInclude Include="include\Engine\Loaders\StatsLoader.h">
      <Filter>Header Files\Engine\Loaders</Filter>
    </ClInclude>
    <ClInclude Include="include\Engine\Loaders\GUILoader.h">
      <Filter>Header Files\Engine\Loaders</Filter>
    </ClInclude>
    <ClInclude Include="include\Editor\Scene\Scene_3D.h">
      <Filter>Header Files\Editor\Scene</Filter>
    </ClInclude>
    <ClInclude Include="include\Engine\Component\RenderQuad.h">
      <Filter>Header Files\Engine\Component</Filter>
    </ClInclude>
  </ItemGroup>
  <ItemGroup>
    <None Include="assets\shaders\font_Shader.frag">
      <Filter>Resource Files\Shaders</Filter>
    </None>
    <None Include="assets\shaders\font_Shader.vert">
      <Filter>Resource Files\Shaders</Filter>
    </None>
    <None Include="assets\shaders\light_Shader.frag">
      <Filter>Resource Files\Shaders</Filter>
    </None>
    <None Include="assets\shaders\light_Shader.vert">
      <Filter>Resource Files\Shaders</Filter>
    </None>
    <None Include="assets\shaders\passIn.frag">
      <Filter>Resource Files\Shaders</Filter>
    </None>
    <None Include="assets\shaders\passIn.vert">
      <Filter>Resource Files\Shaders</Filter>
    </None>
    <None Include="assets\shaders\depth_Shader.frag">
      <Filter>Resource Files\Shaders</Filter>
    </None>
    <None Include="assets\shaders\depth_Shader.geom">
      <Filter>Resource Files\Shaders</Filter>
    </None>
    <None Include="assets\shaders\depth_Shader.vert">
      <Filter>Resource Files\Shaders</Filter>
    </None>
    <None Include="assets\shaders\particle_Shader.frag">
      <Filter>Resource Files\Shaders</Filter>
    </None>
    <None Include="assets\shaders\particle_Shader.vert">
      <Filter>Resource Files\Shaders</Filter>
    </None>
    <None Include="assets\shaders\editor_Shader.frag">
      <Filter>Resource Files\Shaders</Filter>
    </None>
    <None Include="assets\shaders\editor_Shader.vert">
      <Filter>Resource Files\Shaders</Filter>
    </None>
    <None Include="assets\shaders\skybox.frag">
      <Filter>Resource Files\Shaders</Filter>
    </None>
    <None Include="assets\shaders\skybox.vert">
      <Filter>Resource Files\Shaders</Filter>
    </None>
    <None Include="assets\shaders\hdr.fs">
      <Filter>Resource Files\Shaders</Filter>
    </None>
    <None Include="assets\shaders\hdr.vert">
      <Filter>Resource Files\Shaders</Filter>
    </None>
    <None Include="assets\shaders\blur.fs">
      <Filter>Resource Files\Shaders</Filter>
    </None>
    <None Include="assets\shaders\blur.vs">
      <Filter>Resource Files\Shaders</Filter>
    </None>
  </ItemGroup>
  <ItemGroup>
    <Xml Include="assets\Resources.xml">
      <Filter>Resource Files</Filter>
    </Xml>
    <Xml Include="assets\scenes\Robot_Scene.xml">
      <Filter>Resource Files</Filter>
    </Xml>
    <Xml Include="assets\Prefabs.xml">
      <Filter>Resource Files</Filter>
    </Xml>
    <Xml Include="assets\stats.xml">
      <Filter>Resource Files</Filter>
    </Xml>
  </ItemGroup>
  <ItemGroup>
    <Media Include="assets\audio\shooting_pistol.wav">
      <Filter>Resource Files\Audio</Filter>
    </Media>
    <Media Include="assets\audio\reload_pistol.wav">
      <Filter>Resource Files\Audio</Filter>
    </Media>
    <Media Include="assets\audio\rain.wav">
      <Filter>Resource Files\Audio</Filter>
    </Media>
    <Media Include="assets\audio\walking.wav">
      <Filter>Resource Files\Audio</Filter>
    </Media>
  </ItemGroup>
</Project>